
Microsoft Visual Studio Solution File, Format Version 12.00
# Visual Studio Version 16
VisualStudioVersion = 16.0.31424.327
MinimumVisualStudioVersion = 10.0.40219.1
Project("{9A19103F-16F7-4668-BE54-9A1E7A4F7556}") = "HW4", "HW4\HW4.csproj", "{A4FA0C53-6B5C-4BA4-8239-93AF80C748B4}"
EndProject
Project("{9A19103F-16F7-4668-BE54-9A1E7A4F7556}") = "HW1", "HW1\HW1.csproj", "{308AD29C-C1DE-4E46-876E-900E5F248176}"
EndProject
Project("{9A19103F-16F7-4668-BE54-9A1E7A4F7556}") = "HW2", "HW2\HW2.csproj", "{4601E512-9E5D-4258-A808-0354F0FF3664}"
EndProject
Project("{9A19103F-16F7-4668-BE54-9A1E7A4F7556}") = "HW3", "HW3\HW3.csproj", "{07224F2B-4BD3-493E-BB2D-EB74C95A9D7A}"
EndProject
Project("{9A19103F-16F7-4668-BE54-9A1E7A4F7556}") = "2048Game", "2048Game\2048Game.csproj", "{3E863CD3-8789-4021-BD20-284242BA81E0}"
EndProject
Project("{9A19103F-16F7-4668-BE54-9A1E7A4F7556}") = "2048Game_fixed", "2048Game_fixed\2048Game_fixed.csproj", "{2C172538-FAB2-4B71-9384-61EF619FB22F}"
EndProject
Project("{9A19103F-16F7-4668-BE54-9A1E7A4F7556}") = "HW6", "HW6\HW6.csproj", "{A4C770CA-6A4C-489B-A52B-14F4A92C09AD}"
EndProject
Project("{9A19103F-16F7-4668-BE54-9A1E7A4F7556}") = "HW7-8", "HW7-8\HW7-8.csproj", "{8F5D23CC-2046-4682-916D-D0B113DBEAA4}"
EndProject
Project("{9A19103F-16F7-4668-BE54-9A1E7A4F7556}") = "HW10", "HW10\HW10.csproj", "{BC5498BB-D164-4B6B-AD0E-9A314FE390E7}"
EndProject
Project("{9A19103F-16F7-4668-BE54-9A1E7A4F7556}") = "Test", "Test\Test.csproj", "{0D00991F-4B67-4485-B705-EC1007505ED7}"
EndProject
Project("{9A19103F-16F7-4668-BE54-9A1E7A4F7556}") = "HW12", "HW12\HW12.csproj", "{4D0E1F2D-E69A-4AD2-A8AD-C1D1092521D1}"
EndProject
Project("{9A19103F-16F7-4668-BE54-9A1E7A4F7556}") = "CW1", "CW1\CW1.csproj", "{AED4AE90-3989-42FD-BDC6-163B9D5B0E51}"
EndProject
Project("{9A19103F-16F7-4668-BE54-9A1E7A4F7556}") = "CW2", "CW2\CW2.csproj", "{22C50D1B-9FDF-48CA-9FF0-6ECA5C675A6F}"
EndProject
Project("{FAE04EC0-301F-11D3-BF4B-00C04F79EFBC}") = "HW13_16", "HW13_16\HW13_16.csproj", "{DCC68A3B-9223-4BC9-ACE1-70471640362D}"
EndProject
Project("{9A19103F-16F7-4668-BE54-9A1E7A4F7556}") = "WebExample", "WebExample\WebExample.csproj", "{DABDA292-8C6C-4B8E-B51C-45D452CC67AF}"
EndProject
Global
	GlobalSection(SolutionConfigurationPlatforms) = preSolution
		Debug|Any CPU = Debug|Any CPU
		Release|Any CPU = Release|Any CPU
	EndGlobalSection
	GlobalSection(ProjectConfigurationPlatforms) = postSolution
		{A4FA0C53-6B5C-4BA4-8239-93AF80C748B4}.Debug|Any CPU.ActiveCfg = Debug|Any CPU
		{A4FA0C53-6B5C-4BA4-8239-93AF80C748B4}.Debug|Any CPU.Build.0 = Debug|Any CPU
		{A4FA0C53-6B5C-4BA4-8239-93AF80C748B4}.Release|Any CPU.ActiveCfg = Release|Any CPU
		{A4FA0C53-6B5C-4BA4-8239-93AF80C748B4}.Release|Any CPU.Build.0 = Release|Any CPU
		{308AD29C-C1DE-4E46-876E-900E5F248176}.Debug|Any CPU.ActiveCfg = Debug|Any CPU
		{308AD29C-C1DE-4E46-876E-900E5F248176}.Debug|Any CPU.Build.0 = Debug|Any CPU
		{308AD29C-C1DE-4E46-876E-900E5F248176}.Release|Any CPU.ActiveCfg = Release|Any CPU
		{308AD29C-C1DE-4E46-876E-900E5F248176}.Release|Any CPU.Build.0 = Release|Any CPU
		{4601E512-9E5D-4258-A808-0354F0FF3664}.Debug|Any CPU.ActiveCfg = Debug|Any CPU
		{4601E512-9E5D-4258-A808-0354F0FF3664}.Debug|Any CPU.Build.0 = Debug|Any CPU
		{4601E512-9E5D-4258-A808-0354F0FF3664}.Release|Any CPU.ActiveCfg = Release|Any CPU
		{4601E512-9E5D-4258-A808-0354F0FF3664}.Release|Any CPU.Build.0 = Release|Any CPU
		{07224F2B-4BD3-493E-BB2D-EB74C95A9D7A}.Debug|Any CPU.ActiveCfg = Debug|Any CPU
		{07224F2B-4BD3-493E-BB2D-EB74C95A9D7A}.Debug|Any CPU.Build.0 = Debug|Any CPU
		{07224F2B-4BD3-493E-BB2D-EB74C95A9D7A}.Release|Any CPU.ActiveCfg = Release|Any CPU
		{07224F2B-4BD3-493E-BB2D-EB74C95A9D7A}.Release|Any CPU.Build.0 = Release|Any CPU
		{3E863CD3-8789-4021-BD20-284242BA81E0}.Debug|Any CPU.ActiveCfg = Debug|Any CPU
		{3E863CD3-8789-4021-BD20-284242BA81E0}.Debug|Any CPU.Build.0 = Debug|Any CPU
		{3E863CD3-8789-4021-BD20-284242BA81E0}.Release|Any CPU.ActiveCfg = Release|Any CPU
		{3E863CD3-8789-4021-BD20-284242BA81E0}.Release|Any CPU.Build.0 = Release|Any CPU
		{2C172538-FAB2-4B71-9384-61EF619FB22F}.Debug|Any CPU.ActiveCfg = Debug|Any CPU
		{2C172538-FAB2-4B71-9384-61EF619FB22F}.Debug|Any CPU.Build.0 = Debug|Any CPU
		{2C172538-FAB2-4B71-9384-61EF619FB22F}.Release|Any CPU.ActiveCfg = Release|Any CPU
		{2C172538-FAB2-4B71-9384-61EF619FB22F}.Release|Any CPU.Build.0 = Release|Any CPU
		{A4C770CA-6A4C-489B-A52B-14F4A92C09AD}.Debug|Any CPU.ActiveCfg = Debug|Any CPU
		{A4C770CA-6A4C-489B-A52B-14F4A92C09AD}.Debug|Any CPU.Build.0 = Debug|Any CPU
		{A4C770CA-6A4C-489B-A52B-14F4A92C09AD}.Release|Any CPU.ActiveCfg = Release|Any CPU
		{A4C770CA-6A4C-489B-A52B-14F4A92C09AD}.Release|Any CPU.Build.0 = Release|Any CPU
		{8F5D23CC-2046-4682-916D-D0B113DBEAA4}.Debug|Any CPU.ActiveCfg = Debug|Any CPU
		{8F5D23CC-2046-4682-916D-D0B113DBEAA4}.Debug|Any CPU.Build.0 = Debug|Any CPU
		{8F5D23CC-2046-4682-916D-D0B113DBEAA4}.Release|Any CPU.ActiveCfg = Release|Any CPU
		{8F5D23CC-2046-4682-916D-D0B113DBEAA4}.Release|Any CPU.Build.0 = Release|Any CPU
		{BC5498BB-D164-4B6B-AD0E-9A314FE390E7}.Debug|Any CPU.ActiveCfg = Debug|Any CPU
		{BC5498BB-D164-4B6B-AD0E-9A314FE390E7}.Debug|Any CPU.Build.0 = Debug|Any CPU
		{BC5498BB-D164-4B6B-AD0E-9A314FE390E7}.Release|Any CPU.ActiveCfg = Release|Any CPU
		{BC5498BB-D164-4B6B-AD0E-9A314FE390E7}.Release|Any CPU.Build.0 = Release|Any CPU
		{0D00991F-4B67-4485-B705-EC1007505ED7}.Debug|Any CPU.ActiveCfg = Debug|Any CPU
		{0D00991F-4B67-4485-B705-EC1007505ED7}.Debug|Any CPU.Build.0 = Debug|Any CPU
		{0D00991F-4B67-4485-B705-EC1007505ED7}.Release|Any CPU.ActiveCfg = Release|Any CPU
		{0D00991F-4B67-4485-B705-EC1007505ED7}.Release|Any CPU.Build.0 = Release|Any CPU
		{4D0E1F2D-E69A-4AD2-A8AD-C1D1092521D1}.Debug|Any CPU.ActiveCfg = Debug|Any CPU
		{4D0E1F2D-E69A-4AD2-A8AD-C1D1092521D1}.Debug|Any CPU.Build.0 = Debug|Any CPU
		{4D0E1F2D-E69A-4AD2-A8AD-C1D1092521D1}.Release|Any CPU.ActiveCfg = Release|Any CPU
		{4D0E1F2D-E69A-4AD2-A8AD-C1D1092521D1}.Release|Any CPU.Build.0 = Release|Any CPU
		{AED4AE90-3989-42FD-BDC6-163B9D5B0E51}.Debug|Any CPU.ActiveCfg = Debug|Any CPU
		{AED4AE90-3989-42FD-BDC6-163B9D5B0E51}.Debug|Any CPU.Build.0 = Debug|Any CPU
		{AED4AE90-3989-42FD-BDC6-163B9D5B0E51}.Release|Any CPU.ActiveCfg = Release|Any CPU
		{AED4AE90-3989-42FD-BDC6-163B9D5B0E51}.Release|Any CPU.Build.0 = Release|Any CPU
		{22C50D1B-9FDF-48CA-9FF0-6ECA5C675A6F}.Debug|Any CPU.ActiveCfg = Debug|Any CPU
		{22C50D1B-9FDF-48CA-9FF0-6ECA5C675A6F}.Debug|Any CPU.Build.0 = Debug|Any CPU
		{22C50D1B-9FDF-48CA-9FF0-6ECA5C675A6F}.Release|Any CPU.ActiveCfg = Release|Any CPU
		{22C50D1B-9FDF-48CA-9FF0-6ECA5C675A6F}.Release|Any CPU.Build.0 = Release|Any CPU
		{DCC68A3B-9223-4BC9-ACE1-70471640362D}.Debug|Any CPU.ActiveCfg = Debug|Any CPU
		{DCC68A3B-9223-4BC9-ACE1-70471640362D}.Debug|Any CPU.Build.0 = Debug|Any CPU
		{DCC68A3B-9223-4BC9-ACE1-70471640362D}.Release|Any CPU.ActiveCfg = Release|Any CPU
		{DCC68A3B-9223-4BC9-ACE1-70471640362D}.Release|Any CPU.Build.0 = Release|Any CPU
		{DABDA292-8C6C-4B8E-B51C-45D452CC67AF}.Debug|Any CPU.ActiveCfg = Debug|Any CPU
		{DABDA292-8C6C-4B8E-B51C-45D452CC67AF}.Debug|Any CPU.Build.0 = Debug|Any CPU
		{DABDA292-8C6C-4B8E-B51C-45D452CC67AF}.Release|Any CPU.ActiveCfg = Release|Any CPU
		{DABDA292-8C6C-4B8E-B51C-45D452CC67AF}.Release|Any CPU.Build.0 = Release|Any CPU
	EndGlobalSection
	GlobalSection(SolutionProperties) = preSolution
		HideSolutionNode = FALSE
	EndGlobalSection
	GlobalSection(ExtensibilityGlobals) = postSolution
		SolutionGuid = {845204FE-AE75-4B4E-A656-3D0A8703D64F}
	EndGlobalSection
EndGlobal
